{
  "name": "support-frontend",
  "version": "0.1.0",
  "lockfileVersion": 3,
  "requires": true,
  "packages": {
    "": {
      "name": "support-frontend",
      "version": "0.1.0",
      "dependencies": {
        "@editorjs/checklist": "^1.4.0",
        "@editorjs/code": "^2.8.0",
        "@editorjs/delimiter": "^1.3.0",
        "@editorjs/editorjs": "^2.26.5",
        "@editorjs/embed": "^2.5.3",
        "@editorjs/header": "^2.7.0",
        "@editorjs/image": "^2.8.1",
        "@editorjs/inline-code": "^1.4.0",
        "@editorjs/link": "^2.5.0",
        "@editorjs/list": "^1.8.0",
        "@editorjs/marker": "^1.3.0",
        "@editorjs/paragraph": "^2.9.0",
        "@editorjs/quote": "^2.5.0",
        "@editorjs/raw": "^2.4.0",
        "@editorjs/table": "^2.2.0",
        "@editorjs/underline": "^1.1.0",
        "@editorjs/warning": "^1.3.0",
        "@next/font": "13.1.6",
        "editorjs-drag-drop": "^1.1.13",
        "editorjs-react-renderer": "^3.5.1",
        "editorjs-undo": "^2.0.18",
        "next": "13.1.6",
        "react": "18.2.0",
        "react-dom": "18.2.0",
        "react-editor-js": "^2.1.0"
      }
    },
    "node_modules/@babel/runtime": {
      "version": "7.20.13",
      "resolved": "https://registry.npmjs.org/@babel/runtime/-/runtime-7.20.13.tgz",
      "integrity": "sha512-gt3PKXs0DBoL9xCvOIIZ2NEqAGZqHjAnmVbfQtB620V0uReIQutpel14KcneZuer7UioY8ALKZ7iocavvzTNFA==",
      "dependencies": {
        "regenerator-runtime": "^0.13.11"
      },
      "engines": {
        "node": ">=6.9.0"
      }
    },
    "node_modules/@codexteam/icons": {
      "version": "0.1.0",
      "resolved": "https://registry.npmjs.org/@codexteam/icons/-/icons-0.1.0.tgz",
      "integrity": "sha512-jW1fWnwtWzcP4FBGsaodbJY3s1ZaRU+IJy1pvJ7ygNQxkQinybJcwXoyt0a5mWwu/4w30A42EWhCrZn8lp4fdw=="
    },
    "node_modules/@editorjs/checklist": {
      "version": "1.4.0",
      "resolved": "https://registry.npmjs.org/@editorjs/checklist/-/checklist-1.4.0.tgz",
      "integrity": "sha512-KmkgWFYwkcFFvh7oBaUiqg8NBmJSnB87EC0P6obfqo3uDjCXXnen+KJfP+7JBcQx/OsiDlOS/lTxkyhxNtKtsA==",
      "dependencies": {
        "@codexteam/icons": "^0.0.4"
      }
    },
    "node_modules/@editorjs/checklist/node_modules/@codexteam/icons": {
      "version": "0.0.4",
      "resolved": "https://registry.npmjs.org/@codexteam/icons/-/icons-0.0.4.tgz",
      "integrity": "sha512-V8N/TY2TGyas4wLrPIFq7bcow68b3gu8DfDt1+rrHPtXxcexadKauRJL6eQgfG7Z0LCrN4boLRawR4S9gjIh/Q=="
    },
    "node_modules/@editorjs/code": {
      "version": "2.8.0",
      "resolved": "https://registry.npmjs.org/@editorjs/code/-/code-2.8.0.tgz",
      "integrity": "sha512-qlv1OqSEPKnLv/ZQgNFmVgqsMbGDkh/qgTEnbVWsS+yujo1nlwgVkqCB8tOkQGVsrpmAYLiWRlA413nKxxCN5w==",
      "dependencies": {
        "@codexteam/icons": "^0.0.5"
      }
    },
    "node_modules/@editorjs/code/node_modules/@codexteam/icons": {
      "version": "0.0.5",
      "resolved": "https://registry.npmjs.org/@codexteam/icons/-/icons-0.0.5.tgz",
      "integrity": "sha512-s6H2KXhLz2rgbMZSkRm8dsMJvyUNZsEjxobBEg9ztdrb1B2H3pEzY6iTwI4XUPJWJ3c3qRKwV4TrO3J5jUdoQA=="
    },
    "node_modules/@editorjs/delimiter": {
      "version": "1.3.0",
      "resolved": "https://registry.npmjs.org/@editorjs/delimiter/-/delimiter-1.3.0.tgz",
      "integrity": "sha512-/qz+3yRSPmx6dJpBcwnDfgKtCjOrCsQRoDhXR+wLWirGOchOifhYwQ/6JZyTvcgmY84UEoYY29/dgdWOGVPEEQ==",
      "dependencies": {
        "@codexteam/icons": "^0.0.5"
      }
    },
    "node_modules/@editorjs/delimiter/node_modules/@codexteam/icons": {
      "version": "0.0.5",
      "resolved": "https://registry.npmjs.org/@codexteam/icons/-/icons-0.0.5.tgz",
      "integrity": "sha512-s6H2KXhLz2rgbMZSkRm8dsMJvyUNZsEjxobBEg9ztdrb1B2H3pEzY6iTwI4XUPJWJ3c3qRKwV4TrO3J5jUdoQA=="
    },
    "node_modules/@editorjs/editorjs": {
      "version": "2.26.5",
      "resolved": "https://registry.npmjs.org/@editorjs/editorjs/-/editorjs-2.26.5.tgz",
      "integrity": "sha512-imwXZi9NmzxKjNosa1xQf286liJYsTe2J2DWCiV5TwKhvYZ1INg5Y+FietcM2v65QmeLqP7wgBUhoI7wiCB+yQ==",
      "dependencies": {
        "@codexteam/icons": "0.1.0",
        "codex-notifier": "^1.1.2",
        "codex-tooltip": "^1.0.5",
        "html-janitor": "^2.0.4",
        "nanoid": "^3.1.22"
      }
    },
    "node_modules/@editorjs/embed": {
      "version": "2.5.3",
      "resolved": "https://registry.npmjs.org/@editorjs/embed/-/embed-2.5.3.tgz",
      "integrity": "sha512-+X0xX2tiwQjU/B2rPDv8DOwg0suiqrt2h/o9frjR308YuY1VTpqjLRF1lIV4TmelQyVr9cXkZruaa4Ty1wvfJg=="
    },
    "node_modules/@editorjs/header": {
      "version": "2.7.0",
      "resolved": "https://registry.npmjs.org/@editorjs/header/-/header-2.7.0.tgz",
      "integrity": "sha512-4fGKGe2ZYblVqR/P/iw5ieG00uXInFgNMftBMqJRYcB2hUPD30kuu7Sn6eJDcLXoKUMOeqi8Z2AlUxYAmvw7zQ==",
      "dependencies": {
        "@codexteam/icons": "^0.0.5"
      }
    },
    "node_modules/@editorjs/header/node_modules/@codexteam/icons": {
      "version": "0.0.5",
      "resolved": "https://registry.npmjs.org/@codexteam/icons/-/icons-0.0.5.tgz",
      "integrity": "sha512-s6H2KXhLz2rgbMZSkRm8dsMJvyUNZsEjxobBEg9ztdrb1B2H3pEzY6iTwI4XUPJWJ3c3qRKwV4TrO3J5jUdoQA=="
    },
    "node_modules/@editorjs/image": {
      "version": "2.8.1",
      "resolved": "https://registry.npmjs.org/@editorjs/image/-/image-2.8.1.tgz",
      "integrity": "sha512-4WscDAoi6OO0F6L7N1mkQymADwj8hHgH/ICk5wGRPdkesUZW1TgldX8XvSmy+f5VylsEi3F/gUggaZsrYxu2sA==",
      "dependencies": {
        "@codexteam/icons": "^0.0.6"
      }
    },
    "node_modules/@editorjs/image/node_modules/@codexteam/icons": {
      "version": "0.0.6",
      "resolved": "https://registry.npmjs.org/@codexteam/icons/-/icons-0.0.6.tgz",
      "integrity": "sha512-L7Q5PET8PjKcBT5wp7VR+FCjwCi5PUp7rd/XjsgQ0CI5FJz0DphyHGRILMuDUdCW2MQT9NHbVr4QP31vwAkS/A=="
    },
    "node_modules/@editorjs/inline-code": {
      "version": "1.4.0",
      "resolved": "https://registry.npmjs.org/@editorjs/inline-code/-/inline-code-1.4.0.tgz",
      "integrity": "sha512-nJJx2eBgQyml7U8MdMdJNFY2RgZCOuvvXHEW73xsdu36ZXCd44eAo7vq1S5Jz9l8bC676SvNbRfeH/nojXK37A==",
      "dependencies": {
        "@codexteam/icons": "^0.0.5"
      }
    },
    "node_modules/@editorjs/inline-code/node_modules/@codexteam/icons": {
      "version": "0.0.5",
      "resolved": "https://registry.npmjs.org/@codexteam/icons/-/icons-0.0.5.tgz",
      "integrity": "sha512-s6H2KXhLz2rgbMZSkRm8dsMJvyUNZsEjxobBEg9ztdrb1B2H3pEzY6iTwI4XUPJWJ3c3qRKwV4TrO3J5jUdoQA=="
    },
    "node_modules/@editorjs/link": {
      "version": "2.5.0",
      "resolved": "https://registry.npmjs.org/@editorjs/link/-/link-2.5.0.tgz",
      "integrity": "sha512-3Oa1VweBY7Sscjzw8pv1QcWGyP+XdPl6+yu+gXnSETyjz9TQRZUjved0qw2OomYOjMZ3RumrdDJXxoALlZdvuQ==",
      "dependencies": {
        "@babel/runtime": "^7.10.2",
        "@codexteam/icons": "^0.0.4"
      }
    },
    "node_modules/@editorjs/link/node_modules/@codexteam/icons": {
      "version": "0.0.4",
      "resolved": "https://registry.npmjs.org/@codexteam/icons/-/icons-0.0.4.tgz",
      "integrity": "sha512-V8N/TY2TGyas4wLrPIFq7bcow68b3gu8DfDt1+rrHPtXxcexadKauRJL6eQgfG7Z0LCrN4boLRawR4S9gjIh/Q=="
    },
    "node_modules/@editorjs/list": {
      "version": "1.8.0",
      "resolved": "https://registry.npmjs.org/@editorjs/list/-/list-1.8.0.tgz",
      "integrity": "sha512-Vq6cjyTXBzgegYv/MtTfuDdiz59yGhDEc/yAVXr6lmvoWAFs9cJ4TLuh4/9SbrbhIptcQLDvUjMDKmRrV6v2NQ==",
      "dependencies": {
        "@codexteam/icons": "^0.0.4"
      }
    },
    "node_modules/@editorjs/list/node_modules/@codexteam/icons": {
      "version": "0.0.4",
      "resolved": "https://registry.npmjs.org/@codexteam/icons/-/icons-0.0.4.tgz",
      "integrity": "sha512-V8N/TY2TGyas4wLrPIFq7bcow68b3gu8DfDt1+rrHPtXxcexadKauRJL6eQgfG7Z0LCrN4boLRawR4S9gjIh/Q=="
    },
    "node_modules/@editorjs/marker": {
      "version": "1.3.0",
      "resolved": "https://registry.npmjs.org/@editorjs/marker/-/marker-1.3.0.tgz",
      "integrity": "sha512-RYWYDnFPjNBJgR7KIGjB9gPnUwGvn2aIoRevAm422Wx1mg5eT4gcvwc0T5V76pYPSoD2Z0T2GPkzl9d1hl398w==",
      "dependencies": {
        "@codexteam/icons": "^0.0.5"
      }
    },
    "node_modules/@editorjs/marker/node_modules/@codexteam/icons": {
      "version": "0.0.5",
      "resolved": "https://registry.npmjs.org/@codexteam/icons/-/icons-0.0.5.tgz",
      "integrity": "sha512-s6H2KXhLz2rgbMZSkRm8dsMJvyUNZsEjxobBEg9ztdrb1B2H3pEzY6iTwI4XUPJWJ3c3qRKwV4TrO3J5jUdoQA=="
    },
    "node_modules/@editorjs/paragraph": {
      "version": "2.9.0",
      "resolved": "https://registry.npmjs.org/@editorjs/paragraph/-/paragraph-2.9.0.tgz",
      "integrity": "sha512-lI6x1eiqFx2X3KmMak6gBlimFqXhG35fQpXMxzrjIphNLr4uPsXhVbyMPimPoLUnS9rM6Q00vptXmP2QNDd0zg==",
      "dependencies": {
        "@codexteam/icons": "^0.0.4"
      }
    },
    "node_modules/@editorjs/paragraph/node_modules/@codexteam/icons": {
      "version": "0.0.4",
      "resolved": "https://registry.npmjs.org/@codexteam/icons/-/icons-0.0.4.tgz",
      "integrity": "sha512-V8N/TY2TGyas4wLrPIFq7bcow68b3gu8DfDt1+rrHPtXxcexadKauRJL6eQgfG7Z0LCrN4boLRawR4S9gjIh/Q=="
    },
    "node_modules/@editorjs/quote": {
      "version": "2.5.0",
      "resolved": "https://registry.npmjs.org/@editorjs/quote/-/quote-2.5.0.tgz",
      "integrity": "sha512-24Mu8cESaj34a0kg1Enj7qiZ3yiCOsZI59+8xpfXLO/NkO7hBYWNForVcBy5yIWs/VLlEZK11FP37f/mHrKugQ==",
      "dependencies": {
        "@codexteam/icons": "^0.0.5"
      }
    },
    "node_modules/@editorjs/quote/node_modules/@codexteam/icons": {
      "version": "0.0.5",
      "resolved": "https://registry.npmjs.org/@codexteam/icons/-/icons-0.0.5.tgz",
      "integrity": "sha512-s6H2KXhLz2rgbMZSkRm8dsMJvyUNZsEjxobBEg9ztdrb1B2H3pEzY6iTwI4XUPJWJ3c3qRKwV4TrO3J5jUdoQA=="
    },
    "node_modules/@editorjs/raw": {
      "version": "2.4.0",
      "resolved": "https://registry.npmjs.org/@editorjs/raw/-/raw-2.4.0.tgz",
      "integrity": "sha512-6k7ngx1T8+ztTG4/i5QcGPKXkF2YvdqgKgtzpOTaG6Pzm17D7Hr30Krbqz2E2Y/uoV8SiR/X1UAyKTQxrk9B6Q==",
      "dependencies": {
        "@codexteam/icons": "^0.0.4"
      }
    },
    "node_modules/@editorjs/raw/node_modules/@codexteam/icons": {
      "version": "0.0.4",
      "resolved": "https://registry.npmjs.org/@codexteam/icons/-/icons-0.0.4.tgz",
      "integrity": "sha512-V8N/TY2TGyas4wLrPIFq7bcow68b3gu8DfDt1+rrHPtXxcexadKauRJL6eQgfG7Z0LCrN4boLRawR4S9gjIh/Q=="
    },
    "node_modules/@editorjs/table": {
      "version": "2.2.0",
      "resolved": "https://registry.npmjs.org/@editorjs/table/-/table-2.2.0.tgz",
      "integrity": "sha512-vVfiNEk1EHFj1ohObX4g7iB/mVhPkx0o8yMb+v5gV/XnOysbRk46hiLmntJfgYp/NZvbYxcZk3mPvrE/NAe+pg==",
      "dependencies": {
        "@codexteam/icons": "^0.0.6"
      }
    },
    "node_modules/@editorjs/table/node_modules/@codexteam/icons": {
      "version": "0.0.6",
      "resolved": "https://registry.npmjs.org/@codexteam/icons/-/icons-0.0.6.tgz",
      "integrity": "sha512-L7Q5PET8PjKcBT5wp7VR+FCjwCi5PUp7rd/XjsgQ0CI5FJz0DphyHGRILMuDUdCW2MQT9NHbVr4QP31vwAkS/A=="
    },
    "node_modules/@editorjs/underline": {
      "version": "1.1.0",
      "resolved": "https://registry.npmjs.org/@editorjs/underline/-/underline-1.1.0.tgz",
      "integrity": "sha512-vQj2ROW1KreD31QHlhaPikmDJGWYzRBusN4Zyfwl9nIIQCByt4S8fZQpsrRvH4sct5mkirsHllNT00rJlqHK7Q==",
      "dependencies": {
        "@codexteam/icons": "^0.0.6"
      }
    },
    "node_modules/@editorjs/underline/node_modules/@codexteam/icons": {
      "version": "0.0.6",
      "resolved": "https://registry.npmjs.org/@codexteam/icons/-/icons-0.0.6.tgz",
      "integrity": "sha512-L7Q5PET8PjKcBT5wp7VR+FCjwCi5PUp7rd/XjsgQ0CI5FJz0DphyHGRILMuDUdCW2MQT9NHbVr4QP31vwAkS/A=="
    },
    "node_modules/@editorjs/warning": {
      "version": "1.3.0",
      "resolved": "https://registry.npmjs.org/@editorjs/warning/-/warning-1.3.0.tgz",
      "integrity": "sha512-b03oXNTxeqLXEH8Sqtzy0OXY3+Bbx6jpl2UnfFw9bN4KxTgrx3sIf5YtkavZmhZRmOFRFYdrl7bHxvr6KstO9Q==",
      "dependencies": {
        "@codexteam/icons": "^0.0.4"
      }
    },
    "node_modules/@editorjs/warning/node_modules/@codexteam/icons": {
      "version": "0.0.4",
      "resolved": "https://registry.npmjs.org/@codexteam/icons/-/icons-0.0.4.tgz",
      "integrity": "sha512-V8N/TY2TGyas4wLrPIFq7bcow68b3gu8DfDt1+rrHPtXxcexadKauRJL6eQgfG7Z0LCrN4boLRawR4S9gjIh/Q=="
    },
    "node_modules/@next/env": {
      "version": "13.1.6",
      "resolved": "https://registry.npmjs.org/@next/env/-/env-13.1.6.tgz",
      "integrity": "sha512-s+W9Fdqh5MFk6ECrbnVmmAOwxKQuhGMT7xXHrkYIBMBcTiOqNWhv5KbJIboKR5STXxNXl32hllnvKaffzFaWQg=="
    },
    "node_modules/@next/font": {
      "version": "13.1.6",
      "resolved": "https://registry.npmjs.org/@next/font/-/font-13.1.6.tgz",
      "integrity": "sha512-AITjmeb1RgX1HKMCiA39ztx2mxeAyxl4ljv2UoSBUGAbFFMg8MO7YAvjHCgFhD39hL7YTbFjol04e/BPBH5RzQ=="
    },
    "node_modules/@next/swc-android-arm-eabi": {
      "version": "13.1.6",
      "resolved": "https://registry.npmjs.org/@next/swc-android-arm-eabi/-/swc-android-arm-eabi-13.1.6.tgz",
      "integrity": "sha512-F3/6Z8LH/pGlPzR1AcjPFxx35mPqjE5xZcf+IL+KgbW9tMkp7CYi1y7qKrEWU7W4AumxX/8OINnDQWLiwLasLQ==",
      "cpu": [
        "arm"
      ],
      "optional": true,
      "os": [
        "android"
      ],
      "engines": {
        "node": ">= 10"
      }
    },
    "node_modules/@next/swc-android-arm64": {
      "version": "13.1.6",
      "resolved": "https://registry.npmjs.org/@next/swc-android-arm64/-/swc-android-arm64-13.1.6.tgz",
      "integrity": "sha512-cMwQjnB8vrYkWyK/H0Rf2c2pKIH4RGjpKUDvbjVAit6SbwPDpmaijLio0LWFV3/tOnY6kvzbL62lndVA0mkYpw==",
      "cpu": [
        "arm64"
      ],
      "optional": true,
      "os": [
        "android"
      ],
      "engines": {
        "node": ">= 10"
      }
    },
    "node_modules/@next/swc-darwin-arm64": {
      "version": "13.1.6",
      "resolved": "https://registry.npmjs.org/@next/swc-darwin-arm64/-/swc-darwin-arm64-13.1.6.tgz",
      "integrity": "sha512-KKRQH4DDE4kONXCvFMNBZGDb499Hs+xcFAwvj+rfSUssIDrZOlyfJNy55rH5t2Qxed1e4K80KEJgsxKQN1/fyw==",
      "cpu": [
        "arm64"
      ],
      "optional": true,
      "os": [
        "darwin"
      ],
      "engines": {
        "node": ">= 10"
      }
    },
    "node_modules/@next/swc-darwin-x64": {
      "version": "13.1.6",
      "resolved": "https://registry.npmjs.org/@next/swc-darwin-x64/-/swc-darwin-x64-13.1.6.tgz",
      "integrity": "sha512-/uOky5PaZDoaU99ohjtNcDTJ6ks/gZ5ykTQDvNZDjIoCxFe3+t06bxsTPY6tAO6uEAw5f6vVFX5H5KLwhrkZCA==",
      "cpu": [
        "x64"
      ],
      "optional": true,
      "os": [
        "darwin"
      ],
      "engines": {
        "node": ">= 10"
      }
    },
    "node_modules/@next/swc-freebsd-x64": {
      "version": "13.1.6",
      "resolved": "https://registry.npmjs.org/@next/swc-freebsd-x64/-/swc-freebsd-x64-13.1.6.tgz",
      "integrity": "sha512-qaEALZeV7to6weSXk3Br80wtFQ7cFTpos/q+m9XVRFggu+8Ib895XhMWdJBzew6aaOcMvYR6KQ6JmHA2/eMzWw==",
      "cpu": [
        "x64"
      ],
      "optional": true,
      "os": [
        "freebsd"
      ],
      "engines": {
        "node": ">= 10"
      }
    },
    "node_modules/@next/swc-linux-arm-gnueabihf": {
      "version": "13.1.6",
      "resolved": "https://registry.npmjs.org/@next/swc-linux-arm-gnueabihf/-/swc-linux-arm-gnueabihf-13.1.6.tgz",
      "integrity": "sha512-OybkbC58A1wJ+JrJSOjGDvZzrVEQA4sprJejGqMwiZyLqhr9Eo8FXF0y6HL+m1CPCpPhXEHz/2xKoYsl16kNqw==",
      "cpu": [
        "arm"
      ],
      "optional": true,
      "os": [
        "linux"
      ],
      "engines": {
        "node": ">= 10"
      }
    },
    "node_modules/@next/swc-linux-arm64-gnu": {
      "version": "13.1.6",
      "resolved": "https://registry.npmjs.org/@next/swc-linux-arm64-gnu/-/swc-linux-arm64-gnu-13.1.6.tgz",
      "integrity": "sha512-yCH+yDr7/4FDuWv6+GiYrPI9kcTAO3y48UmaIbrKy8ZJpi7RehJe3vIBRUmLrLaNDH3rY1rwoHi471NvR5J5NQ==",
      "cpu": [
        "arm64"
      ],
      "optional": true,
      "os": [
        "linux"
      ],
      "engines": {
        "node": ">= 10"
      }
    },
    "node_modules/@next/swc-linux-arm64-musl": {
      "version": "13.1.6",
      "resolved": "https://registry.npmjs.org/@next/swc-linux-arm64-musl/-/swc-linux-arm64-musl-13.1.6.tgz",
      "integrity": "sha512-ECagB8LGX25P9Mrmlc7Q/TQBb9rGScxHbv/kLqqIWs2fIXy6Y/EiBBiM72NTwuXUFCNrWR4sjUPSooVBJJ3ESQ==",
      "cpu": [
        "arm64"
      ],
      "optional": true,
      "os": [
        "linux"
      ],
      "engines": {
        "node": ">= 10"
      }
    },
    "node_modules/@next/swc-linux-x64-gnu": {
      "version": "13.1.6",
      "resolved": "https://registry.npmjs.org/@next/swc-linux-x64-gnu/-/swc-linux-x64-gnu-13.1.6.tgz",
      "integrity": "sha512-GT5w2mruk90V/I5g6ScuueE7fqj/d8Bui2qxdw6lFxmuTgMeol5rnzAv4uAoVQgClOUO/MULilzlODg9Ib3Y4Q==",
      "cpu": [
        "x64"
      ],
      "optional": true,
      "os": [
        "linux"
      ],
      "engines": {
        "node": ">= 10"
      }
    },
    "node_modules/@next/swc-linux-x64-musl": {
      "version": "13.1.6",
      "resolved": "https://registry.npmjs.org/@next/swc-linux-x64-musl/-/swc-linux-x64-musl-13.1.6.tgz",
      "integrity": "sha512-keFD6KvwOPzmat4TCnlnuxJCQepPN+8j3Nw876FtULxo8005Y9Ghcl7ACcR8GoiKoddAq8gxNBrpjoxjQRHeAQ==",
      "cpu": [
        "x64"
      ],
      "optional": true,
      "os": [
        "linux"
      ],
      "engines": {
        "node": ">= 10"
      }
    },
    "node_modules/@next/swc-win32-arm64-msvc": {
      "version": "13.1.6",
      "resolved": "https://registry.npmjs.org/@next/swc-win32-arm64-msvc/-/swc-win32-arm64-msvc-13.1.6.tgz",
      "integrity": "sha512-OwertslIiGQluFvHyRDzBCIB07qJjqabAmINlXUYt7/sY7Q7QPE8xVi5beBxX/rxTGPIbtyIe3faBE6Z2KywhQ==",
      "cpu": [
        "arm64"
      ],
      "optional": true,
      "os": [
        "win32"
      ],
      "engines": {
        "node": ">= 10"
      }
    },
    "node_modules/@next/swc-win32-ia32-msvc": {
      "version": "13.1.6",
      "resolved": "https://registry.npmjs.org/@next/swc-win32-ia32-msvc/-/swc-win32-ia32-msvc-13.1.6.tgz",
      "integrity": "sha512-g8zowiuP8FxUR9zslPmlju7qYbs2XBtTLVSxVikPtUDQedhcls39uKYLvOOd1JZg0ehyhopobRoH1q+MHlIN/w==",
      "cpu": [
        "ia32"
      ],
      "optional": true,
      "os": [
        "win32"
      ],
      "engines": {
        "node": ">= 10"
      }
    },
    "node_modules/@next/swc-win32-x64-msvc": {
      "version": "13.1.6",
      "resolved": "https://registry.npmjs.org/@next/swc-win32-x64-msvc/-/swc-win32-x64-msvc-13.1.6.tgz",
      "integrity": "sha512-Ls2OL9hi3YlJKGNdKv8k3X/lLgc3VmLG3a/DeTkAd+lAituJp8ZHmRmm9f9SL84fT3CotlzcgbdaCDfFwFA6bA==",
      "cpu": [
        "x64"
      ],
      "optional": true,
      "os": [
        "win32"
      ],
      "engines": {
        "node": ">= 10"
      }
    },
    "node_modules/@react-editor-js/client": {
      "version": "2.1.0",
      "resolved": "https://registry.npmjs.org/@react-editor-js/client/-/client-2.1.0.tgz",
      "integrity": "sha512-X/OwqY2KKUUVIy24zvubHTI4qhiVIWMxGlU/Bc6tkf9gcsWgQjPvn75DwrQ5SIGBOYpSBcHY01JX0RRtJHRumw==",
      "dependencies": {
        "@react-editor-js/core": "2.1.0"
      },
      "peerDependencies": {
        "@editorjs/editorjs": "*",
        "@editorjs/paragraph": "*",
        "react": "*"
      }
    },
    "node_modules/@react-editor-js/core": {
      "version": "2.1.0",
      "resolved": "https://registry.npmjs.org/@react-editor-js/core/-/core-2.1.0.tgz",
      "integrity": "sha512-6h98D5g2RatdCDQRW/+N+eiMtjoq0n1n02m8oA7FrlEzEaOUyV+J+rmtmRS8OexLVOiNeWaSPDpVJ3MNiVLq8Q==",
      "peerDependencies": {
        "@editorjs/editorjs": "*",
        "react": "*"
      }
    },
    "node_modules/@react-editor-js/server": {
      "version": "2.1.0",
      "resolved": "https://registry.npmjs.org/@react-editor-js/server/-/server-2.1.0.tgz",
      "integrity": "sha512-RnTbCmzCHbjcjPNKhr9FaehItHgAZyd47Lq+iIGynFqWSsrwGy46LgOXSvb50DYbwDyT0GtxaXBIk6aiFki1Dg==",
      "dependencies": {
        "@react-editor-js/core": "2.1.0"
      },
      "peerDependencies": {
        "@editorjs/editorjs": "*",
        "@editorjs/paragraph": "*",
        "react": "*"
      }
    },
    "node_modules/@swc/helpers": {
      "version": "0.4.14",
      "resolved": "https://registry.npmjs.org/@swc/helpers/-/helpers-0.4.14.tgz",
      "integrity": "sha512-4C7nX/dvpzB7za4Ql9K81xK3HPxCpHMgwTZVyf+9JQ6VUbn9jjZVN7/Nkdz/Ugzs2CSjqnL/UPXroiVBVHUWUw==",
      "dependencies": {
        "tslib": "^2.4.0"
      }
    },
    "node_modules/caniuse-lite": {
      "version": "1.0.30001450",
      "resolved": "https://registry.npmjs.org/caniuse-lite/-/caniuse-lite-1.0.30001450.tgz",
      "integrity": "sha512-qMBmvmQmFXaSxexkjjfMvD5rnDL0+m+dUMZKoDYsGG8iZN29RuYh9eRoMvKsT6uMAWlyUUGDEQGJJYjzCIO9ew==",
      "funding": [
        {
          "type": "opencollective",
          "url": "https://opencollective.com/browserslist"
        },
        {
          "type": "tidelift",
          "url": "https://tidelift.com/funding/github/npm/caniuse-lite"
        }
      ]
    },
    "node_modules/client-only": {
      "version": "0.0.1",
      "resolved": "https://registry.npmjs.org/client-only/-/client-only-0.0.1.tgz",
      "integrity": "sha512-IV3Ou0jSMzZrd3pZ48nLkT9DA7Ag1pnPzaiQhpW7c3RbcqqzvzzVu+L8gfqMp/8IM2MQtSiqaCxrrcfu8I8rMA=="
    },
    "node_modules/codex-notifier": {
      "version": "1.1.2",
      "resolved": "https://registry.npmjs.org/codex-notifier/-/codex-notifier-1.1.2.tgz",
      "integrity": "sha512-DCp6xe/LGueJ1N5sXEwcBc3r3PyVkEEDNWCVigfvywAkeXcZMk9K41a31tkEFBW0Ptlwji6/JlAb49E3Yrxbtg=="
    },
    "node_modules/codex-tooltip": {
      "version": "1.0.5",
      "resolved": "https://registry.npmjs.org/codex-tooltip/-/codex-tooltip-1.0.5.tgz",
      "integrity": "sha512-IuA8LeyLU5p1B+HyhOsqR6oxyFQ11k3i9e9aXw40CrHFTRO2Y1npNBVU3W1SvhKAbUU7R/YikUBdcYFP0RcJag=="
    },
    "node_modules/domelementtype": {
      "version": "2.3.0",
      "resolved": "https://registry.npmjs.org/domelementtype/-/domelementtype-2.3.0.tgz",
      "integrity": "sha512-OLETBj6w0OsagBwdXnPdN0cnMfF9opN69co+7ZrbfPGrdpPVNBUj02spi6B1N7wChLQiPn4CSH/zJvXw56gmHw==",
      "funding": [
        {
          "type": "github",
          "url": "https://github.com/sponsors/fb55"
        }
      ]
    },
    "node_modules/editorjs-drag-drop": {
      "version": "1.1.13",
      "resolved": "https://registry.npmjs.org/editorjs-drag-drop/-/editorjs-drag-drop-1.1.13.tgz",
      "integrity": "sha512-/82RIXP8/zix6Y8/Mnonk1z7XljFvKmsIFbCrP6JTbdWztqoApyUCsnouHTZ4tF51/BTszYV3Z9ennQrXrHCzA=="
    },
    "node_modules/editorjs-react-renderer": {
      "version": "3.5.1",
      "resolved": "https://registry.npmjs.org/editorjs-react-renderer/-/editorjs-react-renderer-3.5.1.tgz",
      "integrity": "sha512-WeFNeLDxuVyc2s7AZpAB8bfqylLXNmPxvFFgeQ8W8M95+e5QNpvpvd/JCubXYL01JDtYjFab7pTyrZva5QeF2Q==",
      "dependencies": {
        "html-react-parser": "^3.0.4",
        "react": "^18.2.0"
      }
    },
    "node_modules/editorjs-react-renderer/node_modules/dom-serializer": {
      "version": "2.0.0",
      "resolved": "https://registry.npmjs.org/dom-serializer/-/dom-serializer-2.0.0.tgz",
      "integrity": "sha512-wIkAryiqt/nV5EQKqQpo3SToSOV9J0DnbJqwK7Wv/Trc92zIAYZ4FlMu+JPFW1DfGFt81ZTCGgDEabffXeLyJg==",
      "dependencies": {
        "domelementtype": "^2.3.0",
        "domhandler": "^5.0.2",
        "entities": "^4.2.0"
      },
      "funding": {
        "url": "https://github.com/cheeriojs/dom-serializer?sponsor=1"
      }
    },
    "node_modules/editorjs-react-renderer/node_modules/domhandler": {
      "version": "5.0.3",
      "resolved": "https://registry.npmjs.org/domhandler/-/domhandler-5.0.3.tgz",
      "integrity": "sha512-cgwlv/1iFQiFnU96XXgROh8xTeetsnJiDsTc7TYCLFd9+/WNkIqPTxiM/8pSd8VIrhXGTf1Ny1q1hquVqDJB5w==",
      "dependencies": {
        "domelementtype": "^2.3.0"
      },
      "engines": {
        "node": ">= 4"
      },
      "funding": {
        "url": "https://github.com/fb55/domhandler?sponsor=1"
      }
    },
    "node_modules/editorjs-react-renderer/node_modules/domutils": {
      "version": "3.0.1",
      "resolved": "https://registry.npmjs.org/domutils/-/domutils-3.0.1.tgz",
      "integrity": "sha512-z08c1l761iKhDFtfXO04C7kTdPBLi41zwOZl00WS8b5eiaebNpY00HKbztwBq+e3vyqWNwWF3mP9YLUeqIrF+Q==",
      "dependencies": {
        "dom-serializer": "^2.0.0",
        "domelementtype": "^2.3.0",
        "domhandler": "^5.0.1"
      },
      "funding": {
        "url": "https://github.com/fb55/domutils?sponsor=1"
      }
    },
    "node_modules/editorjs-react-renderer/node_modules/entities": {
      "version": "4.4.0",
      "resolved": "https://registry.npmjs.org/entities/-/entities-4.4.0.tgz",
      "integrity": "sha512-oYp7156SP8LkeGD0GF85ad1X9Ai79WtRsZ2gxJqtBuzH+98YUV6jkHEKlZkMbcrjJjIVJNIDP/3WL9wQkoPbWA==",
      "engines": {
        "node": ">=0.12"
      },
      "funding": {
        "url": "https://github.com/fb55/entities?sponsor=1"
      }
    },
    "node_modules/editorjs-react-renderer/node_modules/html-dom-parser": {
      "version": "3.1.3",
      "resolved": "https://registry.npmjs.org/html-dom-parser/-/html-dom-parser-3.1.3.tgz",
      "integrity": "sha512-fI0yyNlIeSboxU+jnrA4v8qj4+M8SI9/q6AKYdwCY2qki22UtKCDTxvagHniECu7sa5/o2zFRdLleA67035lsA==",
      "dependencies": {
        "domhandler": "5.0.3",
        "htmlparser2": "8.0.1"
      }
    },
    "node_modules/editorjs-react-renderer/node_modules/html-react-parser": {
      "version": "3.0.8",
      "resolved": "https://registry.npmjs.org/html-react-parser/-/html-react-parser-3.0.8.tgz",
      "integrity": "sha512-eIxPq/3Ja3+nZkx6X/BNpFy0lNuW+v3V4nzABzuL8KkRVdYY/2KyXO42epKonsEVVRSBxm2zsxWcOkT6fYL+iQ==",
      "dependencies": {
        "domhandler": "5.0.3",
        "html-dom-parser": "3.1.3",
        "react-property": "2.0.0",
        "style-to-js": "1.1.3"
      },
      "peerDependencies": {
        "react": "0.14 || 15 || 16 || 17 || 18"
      }
    },
    "node_modules/editorjs-react-renderer/node_modules/htmlparser2": {
      "version": "8.0.1",
      "resolved": "https://registry.npmjs.org/htmlparser2/-/htmlparser2-8.0.1.tgz",
      "integrity": "sha512-4lVbmc1diZC7GUJQtRQ5yBAeUCL1exyMwmForWkRLnwyzWBFxN633SALPMGYaWZvKe9j1pRZJpauvmxENSp/EA==",
      "funding": [
        "https://github.com/fb55/htmlparser2?sponsor=1",
        {
          "type": "github",
          "url": "https://github.com/sponsors/fb55"
        }
      ],
      "dependencies": {
        "domelementtype": "^2.3.0",
        "domhandler": "^5.0.2",
        "domutils": "^3.0.1",
        "entities": "^4.3.0"
      }
    },
    "node_modules/editorjs-react-renderer/node_modules/style-to-js": {
      "version": "1.1.3",
      "resolved": "https://registry.npmjs.org/style-to-js/-/style-to-js-1.1.3.tgz",
      "integrity": "sha512-zKI5gN/zb7LS/Vm0eUwjmjrXWw8IMtyA8aPBJZdYiQTXj4+wQ3IucOLIOnF7zCHxvW8UhIGh/uZh/t9zEHXNTQ==",
      "dependencies": {
        "style-to-object": "0.4.1"
      }
    },
    "node_modules/editorjs-react-renderer/node_modules/style-to-object": {
      "version": "0.4.1",
      "resolved": "https://registry.npmjs.org/style-to-object/-/style-to-object-0.4.1.tgz",
      "integrity": "sha512-HFpbb5gr2ypci7Qw+IOhnP2zOU7e77b+rzM+wTzXzfi1PrtBCX0E7Pk4wL4iTLnhzZ+JgEGAhX81ebTg/aYjQw==",
      "dependencies": {
        "inline-style-parser": "0.1.1"
      }
    },
    "node_modules/editorjs-undo": {
      "version": "2.0.18",
      "resolved": "https://registry.npmjs.org/editorjs-undo/-/editorjs-undo-2.0.18.tgz",
      "integrity": "sha512-ItlEDXoSDvZY4hqfELeFo189rhxUN+GKJesh6TkO/wXfk8HMSMZEPuBmNGiIsB8lIwFcJ8baqU/wHRyllzi6VA==",
      "dependencies": {
        "vanilla-caret-js": "^1.0.1"
      }
    },
    "node_modules/html-janitor": {
      "version": "2.0.4",
      "resolved": "https://registry.npmjs.org/html-janitor/-/html-janitor-2.0.4.tgz",
      "integrity": "sha512-92J5h9jNZRk30PMHapjHEJfkrBWKCOy0bq3oW2pBungky6lzYSoboBGPMvxl1XRKB2q+kniQmsLsPbdpY7RM2g=="
    },
    "node_modules/inline-style-parser": {
      "version": "0.1.1",
      "resolved": "https://registry.npmjs.org/inline-style-parser/-/inline-style-parser-0.1.1.tgz",
      "integrity": "sha512-7NXolsK4CAS5+xvdj5OMMbI962hU/wvwoxk+LWR9Ek9bVtyuuYScDN6eS0rUm6TxApFpw7CX1o4uJzcd4AyD3Q=="
    },
    "node_modules/js-tokens": {
      "version": "4.0.0",
      "resolved": "https://registry.npmjs.org/js-tokens/-/js-tokens-4.0.0.tgz",
      "integrity": "sha512-RdJUflcE3cUzKiMqQgsCu06FPu9UdIJO0beYbPhHN4k6apgJtifcoCtT9bcxOpYBtpD2kCM6Sbzg4CausW/PKQ=="
    },
    "node_modules/loose-envify": {
      "version": "1.4.0",
      "resolved": "https://registry.npmjs.org/loose-envify/-/loose-envify-1.4.0.tgz",
      "integrity": "sha512-lyuxPGr/Wfhrlem2CL/UcnUc1zcqKAImBDzukY7Y5F/yQiNdko6+fRLevlw1HgMySw7f611UIY408EtxRSoK3Q==",
      "dependencies": {
        "js-tokens": "^3.0.0 || ^4.0.0"
      },
      "bin": {
        "loose-envify": "cli.js"
      }
    },
    "node_modules/nanoid": {
      "version": "3.3.4",
      "resolved": "https://registry.npmjs.org/nanoid/-/nanoid-3.3.4.tgz",
      "integrity": "sha512-MqBkQh/OHTS2egovRtLk45wEyNXwF+cokD+1YPf9u5VfJiRdAiRwB2froX5Co9Rh20xs4siNPm8naNotSD6RBw==",
      "bin": {
        "nanoid": "bin/nanoid.cjs"
      },
      "engines": {
        "node": "^10 || ^12 || ^13.7 || ^14 || >=15.0.1"
      }
    },
    "node_modules/next": {
      "version": "13.1.6",
      "resolved": "https://registry.npmjs.org/next/-/next-13.1.6.tgz",
      "integrity": "sha512-hHlbhKPj9pW+Cymvfzc15lvhaOZ54l+8sXDXJWm3OBNBzgrVj6hwGPmqqsXg40xO1Leq+kXpllzRPuncpC0Phw==",
      "dependencies": {
        "@next/env": "13.1.6",
        "@swc/helpers": "0.4.14",
        "caniuse-lite": "^1.0.30001406",
        "postcss": "8.4.14",
        "styled-jsx": "5.1.1"
      },
      "bin": {
        "next": "dist/bin/next"
      },
      "engines": {
        "node": ">=14.6.0"
      },
      "optionalDependencies": {
        "@next/swc-android-arm-eabi": "13.1.6",
        "@next/swc-android-arm64": "13.1.6",
        "@next/swc-darwin-arm64": "13.1.6",
        "@next/swc-darwin-x64": "13.1.6",
        "@next/swc-freebsd-x64": "13.1.6",
        "@next/swc-linux-arm-gnueabihf": "13.1.6",
        "@next/swc-linux-arm64-gnu": "13.1.6",
        "@next/swc-linux-arm64-musl": "13.1.6",
        "@next/swc-linux-x64-gnu": "13.1.6",
        "@next/swc-linux-x64-musl": "13.1.6",
        "@next/swc-win32-arm64-msvc": "13.1.6",
        "@next/swc-win32-ia32-msvc": "13.1.6",
        "@next/swc-win32-x64-msvc": "13.1.6"
      },
      "peerDependencies": {
        "fibers": ">= 3.1.0",
        "node-sass": "^6.0.0 || ^7.0.0",
        "react": "^18.2.0",
        "react-dom": "^18.2.0",
        "sass": "^1.3.0"
      },
      "peerDependenciesMeta": {
        "fibers": {
          "optional": true
        },
        "node-sass": {
          "optional": true
        },
        "sass": {
          "optional": true
        }
      }
    },
    "node_modules/picocolors": {
      "version": "1.0.0",
      "resolved": "https://registry.npmjs.org/picocolors/-/picocolors-1.0.0.tgz",
      "integrity": "sha512-1fygroTLlHu66zi26VoTDv8yRgm0Fccecssto+MhsZ0D/DGW2sm8E8AjW7NU5VVTRt5GxbeZ5qBuJr+HyLYkjQ=="
    },
    "node_modules/postcss": {
      "version": "8.4.14",
      "resolved": "https://registry.npmjs.org/postcss/-/postcss-8.4.14.tgz",
      "integrity": "sha512-E398TUmfAYFPBSdzgeieK2Y1+1cpdxJx8yXbK/m57nRhKSmk1GB2tO4lbLBtlkfPQTDKfe4Xqv1ASWPpayPEig==",
      "funding": [
        {
          "type": "opencollective",
          "url": "https://opencollective.com/postcss/"
        },
        {
          "type": "tidelift",
          "url": "https://tidelift.com/funding/github/npm/postcss"
        }
      ],
      "dependencies": {
        "nanoid": "^3.3.4",
        "picocolors": "^1.0.0",
        "source-map-js": "^1.0.2"
      },
      "engines": {
        "node": "^10 || ^12 || >=14"
      }
    },
    "node_modules/react": {
      "version": "18.2.0",
      "resolved": "https://registry.npmjs.org/react/-/react-18.2.0.tgz",
      "integrity": "sha512-/3IjMdb2L9QbBdWiW5e3P2/npwMBaU9mHCSCUzNln0ZCYbcfTsGbTJrU/kGemdH2IWmB2ioZ+zkxtmq6g09fGQ==",
      "dependencies": {
        "loose-envify": "^1.1.0"
      },
      "engines": {
        "node": ">=0.10.0"
      }
    },
    "node_modules/react-dom": {
      "version": "18.2.0",
      "resolved": "https://registry.npmjs.org/react-dom/-/react-dom-18.2.0.tgz",
      "integrity": "sha512-6IMTriUmvsjHUjNtEDudZfuDQUoWXVxKHhlEGSk81n4YFS+r/Kl99wXiwlVXtPBtJenozv2P+hxDsw9eA7Xo6g==",
      "dependencies": {
        "loose-envify": "^1.1.0",
        "scheduler": "^0.23.0"
      },
      "peerDependencies": {
        "react": "^18.2.0"
      }
    },
    "node_modules/react-editor-js": {
      "version": "2.1.0",
      "resolved": "https://registry.npmjs.org/react-editor-js/-/react-editor-js-2.1.0.tgz",
      "integrity": "sha512-unI9D2pTH/2gBenc6LgCXJm8iqnrzB71CHgfjQmaB+lGR0Njx+ZXydgUQm1VofMmvF6vcCNVDE1Eb47zQbm14g==",
      "dependencies": {
        "@react-editor-js/client": "2.1.0",
        "@react-editor-js/core": "2.1.0",
        "@react-editor-js/server": "2.1.0"
      }
    },
    "node_modules/react-property": {
      "version": "2.0.0",
      "resolved": "https://registry.npmjs.org/react-property/-/react-property-2.0.0.tgz",
      "integrity": "sha512-kzmNjIgU32mO4mmH5+iUyrqlpFQhF8K2k7eZ4fdLSOPFrD1XgEuSBv9LDEgxRXTMBqMd8ppT0x6TIzqE5pdGdw=="
    },
    "node_modules/regenerator-runtime": {
      "version": "0.13.11",
      "resolved": "https://registry.npmjs.org/regenerator-runtime/-/regenerator-runtime-0.13.11.tgz",
      "integrity": "sha512-kY1AZVr2Ra+t+piVaJ4gxaFaReZVH40AKNo7UCX6W+dEwBo/2oZJzqfuN1qLq1oL45o56cPaTXELwrTh8Fpggg=="
    },
    "node_modules/scheduler": {
      "version": "0.23.0",
      "resolved": "https://registry.npmjs.org/scheduler/-/scheduler-0.23.0.tgz",
      "integrity": "sha512-CtuThmgHNg7zIZWAXi3AsyIzA3n4xx7aNyjwC2VJldO2LMVDhFK+63xGqq6CsJH4rTAt6/M+N4GhZiDYPx9eUw==",
      "dependencies": {
        "loose-envify": "^1.1.0"
      }
    },
    "node_modules/source-map-js": {
      "version": "1.0.2",
      "resolved": "https://registry.npmjs.org/source-map-js/-/source-map-js-1.0.2.tgz",
      "integrity": "sha512-R0XvVJ9WusLiqTCEiGCmICCMplcCkIwwR11mOSD9CR5u+IXYdiseeEuXCVAjS54zqwkLcPNnmU4OeJ6tUrWhDw==",
      "engines": {
        "node": ">=0.10.0"
      }
    },
    "node_modules/styled-jsx": {
      "version": "5.1.1",
      "resolved": "https://registry.npmjs.org/styled-jsx/-/styled-jsx-5.1.1.tgz",
      "integrity": "sha512-pW7uC1l4mBZ8ugbiZrcIsiIvVx1UmTfw7UkC3Um2tmfUq9Bhk8IiyEIPl6F8agHgjzku6j0xQEZbfA5uSgSaCw==",
      "dependencies": {
        "client-only": "0.0.1"
      },
      "engines": {
        "node": ">= 12.0.0"
      },
      "peerDependencies": {
        "react": ">= 16.8.0 || 17.x.x || ^18.0.0-0"
      },
      "peerDependenciesMeta": {
        "@babel/core": {
          "optional": true
        },
        "babel-plugin-macros": {
          "optional": true
        }
      }
    },
    "node_modules/tslib": {
      "version": "2.5.0",
      "resolved": "https://registry.npmjs.org/tslib/-/tslib-2.5.0.tgz",
      "integrity": "sha512-336iVw3rtn2BUK7ORdIAHTyxHGRIHVReokCR3XjbckJMK7ms8FysBfhLR8IXnAgy7T0PTPNBWKiH514FOW/WSg=="
    },
    "node_modules/vanilla-caret-js": {
      "version": "1.1.0",
      "resolved": "https://registry.npmjs.org/vanilla-caret-js/-/vanilla-caret-js-1.1.0.tgz",
      "integrity": "sha512-vl3R4Xjqb+xnM0gYyg+wcqWGYwKKnkz58Yj29/FQB+w+yP7R8IR1DGoJnDIs05moEZiGlQUTabPMoEtnQNcrpQ=="
    }
  }
}
